
Microsoft Visual Studio Solution File, Format Version 12.00
# Visual Studio Version 17
VisualStudioVersion = 17.2.32505.173
MinimumVisualStudioVersion = 10.0.40219.1
Project("{FAE04EC0-301F-11D3-BF4B-00C04F79EFBC}") = "API", "API\API.csproj", "{89B4F27F-ED41-4C7B-A002-86B1845C58FB}"
	ProjectSection(ProjectDependencies) = postProject
		{0932604D-0CE2-49F8-B09A-8B4F0CF1459E} = {0932604D-0CE2-49F8-B09A-8B4F0CF1459E}
		{B4121112-3526-40E1-BA24-F51C1D5EB8D6} = {B4121112-3526-40E1-BA24-F51C1D5EB8D6}
	EndProjectSection
EndProject
Project("{FAE04EC0-301F-11D3-BF4B-00C04F79EFBC}") = "Core", "Core\Core.csproj", "{0932604D-0CE2-49F8-B09A-8B4F0CF1459E}"
EndProject
Project("{FAE04EC0-301F-11D3-BF4B-00C04F79EFBC}") = "Infraestrutura", "Infraestrutura\Infraestrutura.csproj", "{B4121112-3526-40E1-BA24-F51C1D5EB8D6}"
	ProjectSection(ProjectDependencies) = postProject
		{0932604D-0CE2-49F8-B09A-8B4F0CF1459E} = {0932604D-0CE2-49F8-B09A-8B4F0CF1459E}
	EndProjectSection
EndProject
Global
	GlobalSection(SolutionConfigurationPlatforms) = preSolution
		Debug|Any CPU = Debug|Any CPU
		Release|Any CPU = Release|Any CPU
	EndGlobalSection
	GlobalSection(ProjectConfigurationPlatforms) = postSolution
		{89B4F27F-ED41-4C7B-A002-86B1845C58FB}.Debug|Any CPU.ActiveCfg = Debug|Any CPU
		{89B4F27F-ED41-4C7B-A002-86B1845C58FB}.Debug|Any CPU.Build.0 = Debug|Any CPU
		{89B4F27F-ED41-4C7B-A002-86B1845C58FB}.Release|Any CPU.ActiveCfg = Release|Any CPU
		{89B4F27F-ED41-4C7B-A002-86B1845C58FB}.Release|Any CPU.Build.0 = Release|Any CPU
		{0932604D-0CE2-49F8-B09A-8B4F0CF1459E}.Debug|Any CPU.ActiveCfg = Debug|Any CPU
		{0932604D-0CE2-49F8-B09A-8B4F0CF1459E}.Debug|Any CPU.Build.0 = Debug|Any CPU
		{0932604D-0CE2-49F8-B09A-8B4F0CF1459E}.Release|Any CPU.ActiveCfg = Release|Any CPU
		{0932604D-0CE2-49F8-B09A-8B4F0CF1459E}.Release|Any CPU.Build.0 = Release|Any CPU
		{B4121112-3526-40E1-BA24-F51C1D5EB8D6}.Debug|Any CPU.ActiveCfg = Debug|Any CPU
		{B4121112-3526-40E1-BA24-F51C1D5EB8D6}.Debug|Any CPU.Build.0 = Debug|Any CPU
		{B4121112-3526-40E1-BA24-F51C1D5EB8D6}.Release|Any CPU.ActiveCfg = Release|Any CPU
		{B4121112-3526-40E1-BA24-F51C1D5EB8D6}.Release|Any CPU.Build.0 = Release|Any CPU
	EndGlobalSection
	GlobalSection(SolutionProperties) = preSolution
		HideSolutionNode = FALSE
	EndGlobalSection
	GlobalSection(ExtensibilityGlobals) = postSolution
		SolutionGuid = {A0C63B55-E0FA-4E45-B897-4C3EB8EB9404}
	EndGlobalSection
EndGlobal
